
Microsoft Visual Studio Solution File, Format Version 12.00
# Visual Studio Version 16
VisualStudioVersion = 16.0.31205.134
MinimumVisualStudioVersion = 10.0.40219.1
Project("{FAE04EC0-301F-11D3-BF4B-00C04F79EFBC}") = "evidencia1", "evidencia1\evidencia1.csproj", "{22CFC448-27B1-4977-AEEB-02332CCBFBF8}"
EndProject
Global
	GlobalSection(SolutionConfigurationPlatforms) = preSolution
		Debug|Any CPU = Debug|Any CPU
		Release|Any CPU = Release|Any CPU
	EndGlobalSection
	GlobalSection(ProjectConfigurationPlatforms) = postSolution
		{22CFC448-27B1-4977-AEEB-02332CCBFBF8}.Debug|Any CPU.ActiveCfg = Debug|Any CPU
		{22CFC448-27B1-4977-AEEB-02332CCBFBF8}.Debug|Any CPU.Build.0 = Debug|Any CPU
		{22CFC448-27B1-4977-AEEB-02332CCBFBF8}.Release|Any CPU.ActiveCfg = Release|Any CPU
		{22CFC448-27B1-4977-AEEB-02332CCBFBF8}.Release|Any CPU.Build.0 = Release|Any CPU
	EndGlobalSection
	GlobalSection(SolutionProperties) = preSolution
		HideSolutionNode = FALSE
	EndGlobalSection
	GlobalSection(ExtensibilityGlobals) = postSolution
		SolutionGuid = {3DF21C38-A193-4F22-99DB-F4358AFED7BD}
	EndGlobalSection
EndGlobal
